
Microsoft Visual Studio Solution File, Format Version 12.00
Project("{FAE04EC0-301F-11D3-BF4B-00C04F79EFBC}") = "Soduko Omega", "Soduko Omega.csproj", "{575B3E4E-E0D9-421A-9205-B3D2AF823B50}"
EndProject
Global
	GlobalSection(SolutionConfigurationPlatforms) = preSolution
		Debug|Any CPU = Debug|Any CPU
		Release|Any CPU = Release|Any CPU
	EndGlobalSection
	GlobalSection(ProjectConfigurationPlatforms) = postSolution
		{575B3E4E-E0D9-421A-9205-B3D2AF823B50}.Debug|Any CPU.ActiveCfg = Debug|Any CPU
		{575B3E4E-E0D9-421A-9205-B3D2AF823B50}.Debug|Any CPU.Build.0 = Debug|Any CPU
		{575B3E4E-E0D9-421A-9205-B3D2AF823B50}.Release|Any CPU.ActiveCfg = Release|Any CPU
		{575B3E4E-E0D9-421A-9205-B3D2AF823B50}.Release|Any CPU.Build.0 = Release|Any CPU
	EndGlobalSection
EndGlobal
